
Microsoft Visual Studio Solution File, Format Version 12.00
# Visual Studio Version 17
VisualStudioVersion = 17.7.34221.43
MinimumVisualStudioVersion = 10.0.40219.1
Project("{FAE04EC0-301F-11D3-BF4B-00C04F79EFBC}") = "Bloggie.Web", "Bloggie.Web\Bloggie.Web.csproj", "{FC96DEB9-3B0E-472B-A47A-CFC93665A505}"
EndProject
Global
	GlobalSection(SolutionConfigurationPlatforms) = preSolution
		Debug|Any CPU = Debug|Any CPU
		Release|Any CPU = Release|Any CPU
	EndGlobalSection
	GlobalSection(ProjectConfigurationPlatforms) = postSolution
		{FC96DEB9-3B0E-472B-A47A-CFC93665A505}.Debug|Any CPU.ActiveCfg = Debug|Any CPU
		{FC96DEB9-3B0E-472B-A47A-CFC93665A505}.Debug|Any CPU.Build.0 = Debug|Any CPU
		{FC96DEB9-3B0E-472B-A47A-CFC93665A505}.Release|Any CPU.ActiveCfg = Release|Any CPU
		{FC96DEB9-3B0E-472B-A47A-CFC93665A505}.Release|Any CPU.Build.0 = Release|Any CPU
	EndGlobalSection
	GlobalSection(SolutionProperties) = preSolution
		HideSolutionNode = FALSE
	EndGlobalSection
	GlobalSection(ExtensibilityGlobals) = postSolution
		SolutionGuid = {CFC34143-82AA-47F2-9BEE-3E89AF6D20C0}
	EndGlobalSection
EndGlobal
